
Microsoft Visual Studio Solution File, Format Version 12.00
# Visual Studio Version 17
VisualStudioVersion = 17.0.32112.339
MinimumVisualStudioVersion = 10.0.40219.1
Project("{9A19103F-16F7-4668-BE54-9A1E7A4F7556}") = "SilentSelene", "SilentSelene\SilentSelene.csproj", "{0F87CBF1-8F3C-4D60-80B3-0ADF96C68C33}"
EndProject
Project("{9A19103F-16F7-4668-BE54-9A1E7A4F7556}") = "MetroTrilithon", "MetroTrilithon\src\MetroTrilithon\MetroTrilithon.csproj", "{C1CE5885-0C07-436D-AE6B-CCE47EED3A22}"
EndProject
Project("{9A19103F-16F7-4668-BE54-9A1E7A4F7556}") = "MetroTrilithon.Desktop", "MetroTrilithon\src\MetroTrilithon.Desktop\MetroTrilithon.Desktop.csproj", "{557FDFC5-37C4-4974-9FC4-76F2C4E612AB}"
EndProject
Project("{2150E333-8FDC-42A3-9474-1A3956D46DE8}") = ".github", ".github", "{3B1F1E73-AB9E-4341-9C59-940BED52B2E3}"
	ProjectSection(SolutionItems) = preProject
		..\.github\workflows\build.yml = ..\.github\workflows\build.yml
	EndProjectSection
EndProject
Project("{2150E333-8FDC-42A3-9474-1A3956D46DE8}") = ".docs", ".docs", "{CB7DC2B8-CE20-4B73-9A58-B8998F2C5A35}"
	ProjectSection(SolutionItems) = preProject
		..\LICENSE.md = ..\LICENSE.md
		..\README.md = ..\README.md
	EndProjectSection
EndProject
Project("{2150E333-8FDC-42A3-9474-1A3956D46DE8}") = ".conf", ".conf", "{43861552-D309-42AF-A7C4-3175B6E5CFA1}"
	ProjectSection(SolutionItems) = preProject
		..\.editorconfig = ..\.editorconfig
		..\.gitignore = ..\.gitignore
	EndProjectSection
EndProject
Global
	GlobalSection(SolutionConfigurationPlatforms) = preSolution
		Debug|Any CPU = Debug|Any CPU
		Release|Any CPU = Release|Any CPU
	EndGlobalSection
	GlobalSection(ProjectConfigurationPlatforms) = postSolution
		{0F87CBF1-8F3C-4D60-80B3-0ADF96C68C33}.Debug|Any CPU.ActiveCfg = Debug|Any CPU
		{0F87CBF1-8F3C-4D60-80B3-0ADF96C68C33}.Debug|Any CPU.Build.0 = Debug|Any CPU
		{0F87CBF1-8F3C-4D60-80B3-0ADF96C68C33}.Release|Any CPU.ActiveCfg = Release|Any CPU
		{0F87CBF1-8F3C-4D60-80B3-0ADF96C68C33}.Release|Any CPU.Build.0 = Release|Any CPU
		{C1CE5885-0C07-436D-AE6B-CCE47EED3A22}.Debug|Any CPU.ActiveCfg = Debug|Any CPU
		{C1CE5885-0C07-436D-AE6B-CCE47EED3A22}.Debug|Any CPU.Build.0 = Debug|Any CPU
		{C1CE5885-0C07-436D-AE6B-CCE47EED3A22}.Release|Any CPU.ActiveCfg = Release|Any CPU
		{C1CE5885-0C07-436D-AE6B-CCE47EED3A22}.Release|Any CPU.Build.0 = Release|Any CPU
		{557FDFC5-37C4-4974-9FC4-76F2C4E612AB}.Debug|Any CPU.ActiveCfg = Debug|Any CPU
		{557FDFC5-37C4-4974-9FC4-76F2C4E612AB}.Debug|Any CPU.Build.0 = Debug|Any CPU
		{557FDFC5-37C4-4974-9FC4-76F2C4E612AB}.Release|Any CPU.ActiveCfg = Release|Any CPU
		{557FDFC5-37C4-4974-9FC4-76F2C4E612AB}.Release|Any CPU.Build.0 = Release|Any CPU
	EndGlobalSection
	GlobalSection(SolutionProperties) = preSolution
		HideSolutionNode = FALSE
	EndGlobalSection
	GlobalSection(ExtensibilityGlobals) = postSolution
		SolutionGuid = {30BE589D-284F-4E6A-A0E4-DBD9FFD6E6B2}
	EndGlobalSection
EndGlobal
